
Microsoft Visual Studio Solution File, Format Version 12.00
# Visual Studio Version 16
VisualStudioVersion = 16.0.30907.101
MinimumVisualStudioVersion = 10.0.40219.1
Project("{9A19103F-16F7-4668-BE54-9A1E7A4F7556}") = "Sudoku.Application", "Sudoku.Application\Sudoku.Application.csproj", "{014F2968-1974-4FD5-BEDE-674922063B26}"
EndProject
Project("{FAE04EC0-301F-11D3-BF4B-00C04F79EFBC}") = "Sudoku.GUI", "Sudoku.GUI\Sudoku.GUI.csproj", "{B35783C5-9034-4A36-BBB5-C938A9832DA5}"
EndProject
Global
	GlobalSection(SolutionConfigurationPlatforms) = preSolution
		Debug|Any CPU = Debug|Any CPU
		Release|Any CPU = Release|Any CPU
	EndGlobalSection
	GlobalSection(ProjectConfigurationPlatforms) = postSolution
		{014F2968-1974-4FD5-BEDE-674922063B26}.Debug|Any CPU.ActiveCfg = Debug|Any CPU
		{014F2968-1974-4FD5-BEDE-674922063B26}.Debug|Any CPU.Build.0 = Debug|Any CPU
		{014F2968-1974-4FD5-BEDE-674922063B26}.Release|Any CPU.ActiveCfg = Release|Any CPU
		{014F2968-1974-4FD5-BEDE-674922063B26}.Release|Any CPU.Build.0 = Release|Any CPU
		{B35783C5-9034-4A36-BBB5-C938A9832DA5}.Debug|Any CPU.ActiveCfg = Debug|Any CPU
		{B35783C5-9034-4A36-BBB5-C938A9832DA5}.Debug|Any CPU.Build.0 = Debug|Any CPU
		{B35783C5-9034-4A36-BBB5-C938A9832DA5}.Release|Any CPU.ActiveCfg = Release|Any CPU
		{B35783C5-9034-4A36-BBB5-C938A9832DA5}.Release|Any CPU.Build.0 = Release|Any CPU
	EndGlobalSection
	GlobalSection(SolutionProperties) = preSolution
		HideSolutionNode = FALSE
	EndGlobalSection
	GlobalSection(ExtensibilityGlobals) = postSolution
		SolutionGuid = {505586E6-FF55-4C6E-8F3C-63E694701A2D}
	EndGlobalSection
EndGlobal
